
Microsoft Visual Studio Solution File, Format Version 12.00
# Visual Studio Version 17
VisualStudioVersion = 17.5.33627.172
MinimumVisualStudioVersion = 10.0.40219.1
Project("{9A19103F-16F7-4668-BE54-9A1E7A4F7556}") = "TestBrokenAccess", "TestBrokenAccess\TestBrokenAccess.csproj", "{07A50547-5E6E-41FE-BDB0-78FCDF2D679A}"
EndProject
Project("{FAE04EC0-301F-11D3-BF4B-00C04F79EFBC}") = "TestJwtAuthentication", "TestJwtAuthentication\TestJwtAuthentication.csproj", "{FA9C6CDA-CB7C-46F3-89C2-01C849D8A7E4}"
EndProject
Global
	GlobalSection(SolutionConfigurationPlatforms) = preSolution
		Debug|Any CPU = Debug|Any CPU
		Release|Any CPU = Release|Any CPU
	EndGlobalSection
	GlobalSection(ProjectConfigurationPlatforms) = postSolution
		{07A50547-5E6E-41FE-BDB0-78FCDF2D679A}.Debug|Any CPU.ActiveCfg = Debug|Any CPU
		{07A50547-5E6E-41FE-BDB0-78FCDF2D679A}.Debug|Any CPU.Build.0 = Debug|Any CPU
		{07A50547-5E6E-41FE-BDB0-78FCDF2D679A}.Release|Any CPU.ActiveCfg = Release|Any CPU
		{07A50547-5E6E-41FE-BDB0-78FCDF2D679A}.Release|Any CPU.Build.0 = Release|Any CPU
		{FA9C6CDA-CB7C-46F3-89C2-01C849D8A7E4}.Debug|Any CPU.ActiveCfg = Debug|Any CPU
		{FA9C6CDA-CB7C-46F3-89C2-01C849D8A7E4}.Debug|Any CPU.Build.0 = Debug|Any CPU
		{FA9C6CDA-CB7C-46F3-89C2-01C849D8A7E4}.Release|Any CPU.ActiveCfg = Release|Any CPU
		{FA9C6CDA-CB7C-46F3-89C2-01C849D8A7E4}.Release|Any CPU.Build.0 = Release|Any CPU
	EndGlobalSection
	GlobalSection(SolutionProperties) = preSolution
		HideSolutionNode = FALSE
	EndGlobalSection
	GlobalSection(ExtensibilityGlobals) = postSolution
		SolutionGuid = {48359C1F-1205-42A4-BEE5-BA4059B2A5B2}
	EndGlobalSection
EndGlobal
